// !$*UTF8*$!
{
	archiveVersion = 1;
	classes = {
	};
	objectVersion = 56;
	objects = {

/* Begin PBXBuildFile section */
		A7EC8C202B5C543400BBE425 /* AppDelegate.swift in Sources */ = {isa = PBXBuildFile; fileRef = A7EC8C1F2B5C543400BBE425 /* AppDelegate.swift */; };
		A7EC8C222B5C543400BBE425 /* SceneDelegate.swift in Sources */ = {isa = PBXBuildFile; fileRef = A7EC8C212B5C543400BBE425 /* SceneDelegate.swift */; };
		A7EC8C242B5C543400BBE425 /* ViewController.swift in Sources */ = {isa = PBXBuildFile; fileRef = A7EC8C232B5C543400BBE425 /* ViewController.swift */; };
		A7EC8C292B5C543500BBE425 /* Assets.xcassets in Resources */ = {isa = PBXBuildFile; fileRef = A7EC8C282B5C543500BBE425 /* Assets.xcassets */; };
		A7EC8C2C2B5C543500BBE425 /* LaunchScreen.storyboard in Resources */ = {isa = PBXBuildFile; fileRef = A7EC8C2A2B5C543500BBE425 /* LaunchScreen.storyboard */; };
		A7EC8C372B5C543500BBE425 /* HWanimationTests.swift in Sources */ = {isa = PBXBuildFile; fileRef = A7EC8C362B5C543500BBE425 /* HWanimationTests.swift */; };
		A7EC8C412B5C543500BBE425 /* HWanimationUITests.swift in Sources */ = {isa = PBXBuildFile; fileRef = A7EC8C402B5C543500BBE425 /* HWanimationUITests.swift */; };
		A7EC8C432B5C543500BBE425 /* HWanimationUITestsLaunchTests.swift in Sources */ = {isa = PBXBuildFile; fileRef = A7EC8C422B5C543500BBE425 /* HWanimationUITestsLaunchTests.swift */; };
/* End PBXBuildFile section */

/* Begin PBXContainerItemProxy section */
		A7EC8C332B5C543500BBE425 /* PBXContainerItemProxy */ = {
			isa = PBXContainerItemProxy;
			containerPortal = A7EC8C142B5C543400BBE425 /* Project object */;
			proxyType = 1;
			remoteGlobalIDString = A7EC8C1B2B5C543400BBE425;
			remoteInfo = HWanimation;
		};
		A7EC8C3D2B5C543500BBE425 /* PBXContainerItemProxy */ = {
			isa = PBXContainerItemProxy;
			containerPortal = A7EC8C142B5C543400BBE425 /* Project object */;
			proxyType = 1;
			remoteGlobalIDString = A7EC8C1B2B5C543400BBE425;
			remoteInfo = HWanimation;
		};
/* End PBXContainerItemProxy section */

/* Begin PBXFileReference section */
		A7EC8C1C2B5C543400BBE425 /* HWanimation.app */ = {isa = PBXFileReference; explicitFileType = wrapper.application; includeInIndex = 0; path = HWanimation.app; sourceTree = BUILT_PRODUCTS_DIR; };
		A7EC8C1F2B5C543400BBE425 /* AppDelegate.swift */ = {isa = PBXFileReference; lastKnownFileType = sourcecode.swift; path = AppDelegate.swift; sourceTree = "<group>"; };
		A7EC8C212B5C543400BBE425 /* SceneDelegate.swift */ = {isa = PBXFileReference; lastKnownFileType = sourcecode.swift; path = SceneDelegate.swift; sourceTree = "<group>"; };
		A7EC8C232B5C543400BBE425 /* ViewController.swift */ = {isa = PBXFileReference; lastKnownFileType = sourcecode.swift; path = ViewController.swift; sourceTree = "<group>"; };
		A7EC8C282B5C543500BBE425 /* Assets.xcassets */ = {isa = PBXFileReference; lastKnownFileType = folder.assetcatalog; path = Assets.xcassets; sourceTree = "<group>"; };
		A7EC8C2B2B5C543500BBE425 /* Base */ = {isa = PBXFileReference; lastKnownFileType = file.storyboard; name = Base; path = Base.lproj/LaunchScreen.storyboard; sourceTree = "<group>"; };
		A7EC8C2D2B5C543500BBE425 /* Info.plist */ = {isa = PBXFileReference; lastKnownFileType = text.plist.xml; path = Info.plist; sourceTree = "<group>"; };
		A7EC8C322B5C543500BBE425 /* HWanimationTests.xctest */ = {isa = PBXFileReference; explicitFileType = wrapper.cfbundle; includeInIndex = 0; path = HWanimationTests.xctest; sourceTree = BUILT_PRODUCTS_DIR; };
		A7EC8C362B5C543500BBE425 /* HWanimationTests.swift */ = {isa = PBXFileReference; lastKnownFileType = sourcecode.swift; path = HWanimationTests.swift; sourceTree = "<group>"; };
		A7EC8C3C2B5C543500BBE425 /* HWanimationUITests.xctest */ = {isa = PBXFileReference; explicitFileType = wrapper.cfbundle; includeInIndex = 0; path = HWanimationUITests.xctest; sourceTree = BUILT_PRODUCTS_DIR; };
		A7EC8C402B5C543500BBE425 /* HWanimationUITests.swift */ = {isa = PBXFileReference; lastKnownFileType = sourcecode.swift; path = HWanimationUITests.swift; sourceTree = "<group>"; };
		A7EC8C422B5C543500BBE425 /* HWanimationUITestsLaunchTests.swift */ = {isa = PBXFileReference; lastKnownFileType = sourcecode.swift; path = HWanimationUITestsLaunchTests.swift; sourceTree = "<group>"; };
/* End PBXFileReference section */

/* Begin PBXFrameworksBuildPhase section */
		A7EC8C192B5C543400BBE425 /* Frameworks */ = {
			isa = PBXFrameworksBuildPhase;
			buildActionMask = 2147483647;
			files = (
			);
			runOnlyForDeploymentPostprocessing = 0;
		};
		A7EC8C2F2B5C543500BBE425 /* Frameworks */ = {
			isa = PBXFrameworksBuildPhase;
			buildActionMask = 2147483647;
			files = (
			);
			runOnlyForDeploymentPostprocessing = 0;
		};
		A7EC8C392B5C543500BBE425 /* Frameworks */ = {
			isa = PBXFrameworksBuildPhase;
			buildActionMask = 2147483647;
			files = (
			);
			runOnlyForDeploymentPostprocessing = 0;
		};
/* End PBXFrameworksBuildPhase section */

/* Begin PBXGroup section */
		A7EC8C132B5C543400BBE425 = {
			isa = PBXGroup;
			children = (
				A7EC8C1E2B5C543400BBE425 /* HWanimation */,
				A7EC8C352B5C543500BBE425 /* HWanimationTests */,
				A7EC8C3F2B5C543500BBE425 /* HWanimationUITests */,
				A7EC8C1D2B5C543400BBE425 /* Products */,
			);
			sourceTree = "<group>";
		};
		A7EC8C1D2B5C543400BBE425 /* Products */ = {
			isa = PBXGroup;
			children = (
				A7EC8C1C2B5C543400BBE425 /* HWanimation.app */,
				A7EC8C322B5C543500BBE425 /* HWanimationTests.xctest */,
				A7EC8C3C2B5C543500BBE425 /* HWanimationUITests.xctest */,
			);
			name = Products;
			sourceTree = "<group>";
		};
		A7EC8C1E2B5C543400BBE425 /* HWanimation */ = {
			isa = PBXGroup;
			children = (
				A7EC8C1F2B5C543400BBE425 /* AppDelegate.swift */,
				A7EC8C212B5C543400BBE425 /* SceneDelegate.swift */,
				A7EC8C232B5C543400BBE425 /* ViewController.swift */,
				A7EC8C282B5C543500BBE425 /* Assets.xcassets */,
				A7EC8C2A2B5C543500BBE425 /* LaunchScreen.storyboard */,
				A7EC8C2D2B5C543500BBE425 /* Info.plist */,
			);
			path = HWanimation;
			sourceTree = "<group>";
		};
		A7EC8C352B5C543500BBE425 /* HWanimationTests */ = {
			isa = PBXGroup;
			children = (
				A7EC8C362B5C543500BBE425 /* HWanimationTests.swift */,
			);
			path = HWanimationTests;
			sourceTree = "<group>";
		};
		A7EC8C3F2B5C543500BBE425 /* HWanimationUITests */ = {
			isa = PBXGroup;
			children = (
				A7EC8C402B5C543500BBE425 /* HWanimationUITests.swift */,
				A7EC8C422B5C543500BBE425 /* HWanimationUITestsLaunchTests.swift */,
			);
			path = HWanimationUITests;
			sourceTree = "<group>";
		};
/* End PBXGroup section */

/* Begin PBXNativeTarget section */
		A7EC8C1B2B5C543400BBE425 /* HWanimation */ = {
			isa = PBXNativeTarget;
			buildConfigurationList = A7EC8C462B5C543500BBE425 /* Build configuration list for PBXNativeTarget "HWanimation" */;
			buildPhases = (
				A7EC8C182B5C543400BBE425 /* Sources */,
				A7EC8C192B5C543400BBE425 /* Frameworks */,
				A7EC8C1A2B5C543400BBE425 /* Resources */,
			);
			buildRules = (
			);
			dependencies = (
			);
			name = HWanimation;
			productName = HWanimation;
			productReference = A7EC8C1C2B5C543400BBE425 /* HWanimation.app */;
			productType = "com.apple.product-type.application";
		};
		A7EC8C312B5C543500BBE425 /* HWanimationTests */ = {
			isa = PBXNativeTarget;
			buildConfigurationList = A7EC8C492B5C543500BBE425 /* Build configuration list for PBXNativeTarget "HWanimationTests" */;
			buildPhases = (
				A7EC8C2E2B5C543500BBE425 /* Sources */,
				A7EC8C2F2B5C543500BBE425 /* Frameworks */,
				A7EC8C302B5C543500BBE425 /* Resources */,
			);
			buildRules = (
			);
			dependencies = (
				A7EC8C342B5C543500BBE425 /* PBXTargetDependency */,
			);
			name = HWanimationTests;
			productName = HWanimationTests;
			productReference = A7EC8C322B5C543500BBE425 /* HWanimationTests.xctest */;
			productType = "com.apple.product-type.bundle.unit-test";
		};
		A7EC8C3B2B5C543500BBE425 /* HWanimationUITests */ = {
			isa = PBXNativeTarget;
			buildConfigurationList = A7EC8C4C2B5C543500BBE425 /* Build configuration list for PBXNativeTarget "HWanimationUITests" */;
			buildPhases = (
				A7EC8C382B5C543500BBE425 /* Sources */,
				A7EC8C392B5C543500BBE425 /* Frameworks */,
				A7EC8C3A2B5C543500BBE425 /* Resources */,
			);
			buildRules = (
			);
			dependencies = (
				A7EC8C3E2B5C543500BBE425 /* PBXTargetDependency */,
			);
			name = HWanimationUITests;
			productName = HWanimationUITests;
			productReference = A7EC8C3C2B5C543500BBE425 /* HWanimationUITests.xctest */;
			productType = "com.apple.product-type.bundle.ui-testing";
		};
/* End PBXNativeTarget section */

/* Begin PBXProject section */
		A7EC8C142B5C543400BBE425 /* Project object */ = {
			isa = PBXProject;
			attributes = {
				BuildIndependentTargetsInParallel = 1;
				LastSwiftUpdateCheck = 1500;
				LastUpgradeCheck = 1500;
				TargetAttributes = {
					A7EC8C1B2B5C543400BBE425 = {
						CreatedOnToolsVersion = 15.0.1;
					};
					A7EC8C312B5C543500BBE425 = {
						CreatedOnToolsVersion = 15.0.1;
						TestTargetID = A7EC8C1B2B5C543400BBE425;
					};
					A7EC8C3B2B5C543500BBE425 = {
						CreatedOnToolsVersion = 15.0.1;
						TestTargetID = A7EC8C1B2B5C543400BBE425;
					};
				};
			};
			buildConfigurationList = A7EC8C172B5C543400BBE425 /* Build configuration list for PBXProject "HWanimation" */;
			compatibilityVersion = "Xcode 14.0";
			developmentRegion = en;
			hasScannedForEncodings = 0;
			knownRegions = (
				en,
				Base,
			);
			mainGroup = A7EC8C132B5C543400BBE425;
			productRefGroup = A7EC8C1D2B5C543400BBE425 /* Products */;
			projectDirPath = "";
			projectRoot = "";
			targets = (
				A7EC8C1B2B5C543400BBE425 /* HWanimation */,
				A7EC8C312B5C543500BBE425 /* HWanimationTests */,
				A7EC8C3B2B5C543500BBE425 /* HWanimationUITests */,
			);
		};
/* End PBXProject section */

/* Begin PBXResourcesBuildPhase section */
		A7EC8C1A2B5C543400BBE425 /* Resources */ = {
			isa = PBXResourcesBuildPhase;
			buildActionMask = 2147483647;
			files = (
				A7EC8C2C2B5C543500BBE425 /* LaunchScreen.storyboard in Resources */,
				A7EC8C292B5C543500BBE425 /* Assets.xcassets in Resources */,
			);
			runOnlyForDeploymentPostprocessing = 0;
		};
		A7EC8C302B5C543500BBE425 /* Resources */ = {
			isa = PBXResourcesBuildPhase;
			buildActionMask = 2147483647;
			files = (
			);
			runOnlyForDeploymentPostprocessing = 0;
		};
		A7EC8C3A2B5C543500BBE425 /* Resources */ = {
			isa = PBXResourcesBuildPhase;
			buildActionMask = 2147483647;
			files = (
			);
			runOnlyForDeploymentPostprocessing = 0;
		};
/* End PBXResourcesBuildPhase section */

/* Begin PBXSourcesBuildPhase section */
		A7EC8C182B5C543400BBE425 /* Sources */ = {
			isa = PBXSourcesBuildPhase;
			buildActionMask = 2147483647;
			files = (
				A7EC8C242B5C543400BBE425 /* ViewController.swift in Sources */,
				A7EC8C202B5C543400BBE425 /* AppDelegate.swift in Sources */,
				A7EC8C222B5C543400BBE425 /* SceneDelegate.swift in Sources */,
			);
			runOnlyForDeploymentPostprocessing = 0;
		};
		A7EC8C2E2B5C543500BBE425 /* Sources */ = {
			isa = PBXSourcesBuildPhase;
			buildActionMask = 2147483647;
			files = (
				A7EC8C372B5C543500BBE425 /* HWanimationTests.swift in Sources */,
			);
			runOnlyForDeploymentPostprocessing = 0;
		};
		A7EC8C382B5C543500BBE425 /* Sources */ = {
			isa = PBXSourcesBuildPhase;
			buildActionMask = 2147483647;
			files = (
				A7EC8C432B5C543500BBE425 /* HWanimationUITestsLaunchTests.swift in Sources */,
				A7EC8C412B5C543500BBE425 /* HWanimationUITests.swift in Sources */,
			);
			runOnlyForDeploymentPostprocessing = 0;
		};
/* End PBXSourcesBuildPhase section */

/* Begin PBXTargetDependency section */
		A7EC8C342B5C543500BBE425 /* PBXTargetDependency */ = {
			isa = PBXTargetDependency;
			target = A7EC8C1B2B5C543400BBE425 /* HWanimation */;
			targetProxy = A7EC8C332B5C543500BBE425 /* PBXContainerItemProxy */;
		};
		A7EC8C3E2B5C543500BBE425 /* PBXTargetDependency */ = {
			isa = PBXTargetDependency;
			target = A7EC8C1B2B5C543400BBE425 /* HWanimation */;
			targetProxy = A7EC8C3D2B5C543500BBE425 /* PBXContainerItemProxy */;
		};
/* End PBXTargetDependency section */

/* Begin PBXVariantGroup section */
		A7EC8C2A2B5C543500BBE425 /* LaunchScreen.storyboard */ = {
			isa = PBXVariantGroup;
			children = (
				A7EC8C2B2B5C543500BBE425 /* Base */,
			);
			name = LaunchScreen.storyboard;
			sourceTree = "<group>";
		};
/* End PBXVariantGroup section */

/* Begin XCBuildConfiguration section */
		A7EC8C442B5C543500BBE425 /* Debug */ = {
			isa = XCBuildConfiguration;
			buildSettings = {
				ALWAYS_SEARCH_USER_PATHS = NO;
				ASSETCATALOG_COMPILER_GENERATE_SWIFT_ASSET_SYMBOL_EXTENSIONS = YES;
				CLANG_ANALYZER_NONNULL = YES;
				CLANG_ANALYZER_NUMBER_OBJECT_CONVERSION = YES_AGGRESSIVE;
				CLANG_CXX_LANGUAGE_STANDARD = "gnu++20";
				CLANG_ENABLE_MODULES = YES;
				CLANG_ENABLE_OBJC_ARC = YES;
				CLANG_ENABLE_OBJC_WEAK = YES;
				CLANG_WARN_BLOCK_CAPTURE_AUTORELEASING = YES;
				CLANG_WARN_BOOL_CONVERSION = YES;
				CLANG_WARN_COMMA = YES;
				CLANG_WARN_CONSTANT_CONVERSION = YES;
				CLANG_WARN_DEPRECATED_OBJC_IMPLEMENTATIONS = YES;
				CLANG_WARN_DIRECT_OBJC_ISA_USAGE = YES_ERROR;
				CLANG_WARN_DOCUMENTATION_COMMENTS = YES;
				CLANG_WARN_EMPTY_BODY = YES;
				CLANG_WARN_ENUM_CONVERSION = YES;
				CLANG_WARN_INFINITE_RECURSION = YES;
				CLANG_WARN_INT_CONVERSION = YES;
				CLANG_WARN_NON_LITERAL_NULL_CONVERSION = YES;
				CLANG_WARN_OBJC_IMPLICIT_RETAIN_SELF = YES;
				CLANG_WARN_OBJC_LITERAL_CONVERSION = YES;
				CLANG_WARN_OBJC_ROOT_CLASS = YES_ERROR;
				CLANG_WARN_QUOTED_INCLUDE_IN_FRAMEWORK_HEADER = YES;
				CLANG_WARN_RANGE_LOOP_ANALYSIS = YES;
				CLANG_WARN_STRICT_PROTOTYPES = YES;
				CLANG_WARN_SUSPICIOUS_MOVE = YES;
				CLANG_WARN_UNGUARDED_AVAILABILITY = YES_AGGRESSIVE;
				CLANG_WARN_UNREACHABLE_CODE = YES;
				CLANG_WARN__DUPLICATE_METHOD_MATCH = YES;
				COPY_PHASE_STRIP = NO;
				DEBUG_INFORMATION_FORMAT = dwarf;
				ENABLE_STRICT_OBJC_MSGSEND = YES;
				ENABLE_TESTABILITY = YES;
				ENABLE_USER_SCRIPT_SANDBOXING = YES;
				GCC_C_LANGUAGE_STANDARD = gnu17;
				GCC_DYNAMIC_NO_PIC = NO;
				GCC_NO_COMMON_BLOCKS = YES;
				GCC_OPTIMIZATION_LEVEL = 0;
				GCC_PREPROCESSOR_DEFINITIONS = (
					"DEBUG=1",
					"$(inherited)",
				);
				GCC_WARN_64_TO_32_BIT_CONVERSION = YES;
				GCC_WARN_ABOUT_RETURN_TYPE = YES_ERROR;
				GCC_WARN_UNDECLARED_SELECTOR = YES;
				GCC_WARN_UNINITIALIZED_AUTOS = YES_AGGRESSIVE;
				GCC_WARN_UNUSED_FUNCTION = YES;
				GCC_WARN_UNUSED_VARIABLE = YES;
				IPHONEOS_DEPLOYMENT_TARGET = 17.0;
				LOCALIZATION_PREFERS_STRING_CATALOGS = YES;
				MTL_ENABLE_DEBUG_INFO = INCLUDE_SOURCE;
				MTL_FAST_MATH = YES;
				ONLY_ACTIVE_ARCH = YES;
				SDKROOT = iphoneos;
				SWIFT_ACTIVE_COMPILATION_CONDITIONS = "DEBUG $(inherited)";
				SWIFT_OPTIMIZATION_LEVEL = "-Onone";
			};
			name = Debug;
		};
		A7EC8C452B5C543500BBE425 /* Release */ = {
			isa = XCBuildConfiguration;
			buildSettings = {
				ALWAYS_SEARCH_USER_PATHS = NO;
				ASSETCATALOG_COMPILER_GENERATE_SWIFT_ASSET_SYMBOL_EXTENSIONS = YES;
				CLANG_ANALYZER_NONNULL = YES;
				CLANG_ANALYZER_NUMBER_OBJECT_CONVERSION = YES_AGGRESSIVE;
				CLANG_CXX_LANGUAGE_STANDARD = "gnu++20";
				CLANG_ENABLE_MODULES = YES;
				CLANG_ENABLE_OBJC_ARC = YES;
				CLANG_ENABLE_OBJC_WEAK = YES;
				CLANG_WARN_BLOCK_CAPTURE_AUTORELEASING = YES;
				CLANG_WARN_BOOL_CONVERSION = YES;
				CLANG_WARN_COMMA = YES;
				CLANG_WARN_CONSTANT_CONVERSION = YES;
				CLANG_WARN_DEPRECATED_OBJC_IMPLEMENTATIONS = YES;
				CLANG_WARN_DIRECT_OBJC_ISA_USAGE = YES_ERROR;
				CLANG_WARN_DOCUMENTATION_COMMENTS = YES;
				CLANG_WARN_EMPTY_BODY = YES;
				CLANG_WARN_ENUM_CONVERSION = YES;
				CLANG_WARN_INFINITE_RECURSION = YES;
				CLANG_WARN_INT_CONVERSION = YES;
				CLANG_WARN_NON_LITERAL_NULL_CONVERSION = YES;
				CLANG_WARN_OBJC_IMPLICIT_RETAIN_SELF = YES;
				CLANG_WARN_OBJC_LITERAL_CONVERSION = YES;
				CLANG_WARN_OBJC_ROOT_CLASS = YES_ERROR;
				CLANG_WARN_QUOTED_INCLUDE_IN_FRAMEWORK_HEADER = YES;
				CLANG_WARN_RANGE_LOOP_ANALYSIS = YES;
				CLANG_WARN_STRICT_PROTOTYPES = YES;
				CLANG_WARN_SUSPICIOUS_MOVE = YES;
				CLANG_WARN_UNGUARDED_AVAILABILITY = YES_AGGRESSIVE;
				CLANG_WARN_UNREACHABLE_CODE = YES;
				CLANG_WARN__DUPLICATE_METHOD_MATCH = YES;
				COPY_PHASE_STRIP = NO;
				DEBUG_INFORMATION_FORMAT = "dwarf-with-dsym";
				ENABLE_NS_ASSERTIONS = NO;
				ENABLE_STRICT_OBJC_MSGSEND = YES;
				ENABLE_USER_SCRIPT_SANDBOXING = YES;
				GCC_C_LANGUAGE_STANDARD = gnu17;
				GCC_NO_COMMON_BLOCKS = YES;
				GCC_WARN_64_TO_32_BIT_CONVERSION = YES;
				GCC_WARN_ABOUT_RETURN_TYPE = YES_ERROR;
				GCC_WARN_UNDECLARED_SELECTOR = YES;
				GCC_WARN_UNINITIALIZED_AUTOS = YES_AGGRESSIVE;
				GCC_WARN_UNUSED_FUNCTION = YES;
				GCC_WARN_UNUSED_VARIABLE = YES;
				IPHONEOS_DEPLOYMENT_TARGET = 17.0;
				LOCALIZATION_PREFERS_STRING_CATALOGS = YES;
				MTL_ENABLE_DEBUG_INFO = NO;
				MTL_FAST_MATH = YES;
				SDKROOT = iphoneos;
				SWIFT_COMPILATION_MODE = wholemodule;
				VALIDATE_PRODUCT = YES;
			};
			name = Release;
		};
		A7EC8C472B5C543500BBE425 /* Debug */ = {
			isa = XCBuildConfiguration;
			buildSettings = {
				ASSETCATALOG_COMPILER_APPICON_NAME = AppIcon;
				ASSETCATALOG_COMPILER_GLOBAL_ACCENT_COLOR_NAME = AccentColor;
				CODE_SIGN_STYLE = Automatic;
				CURRENT_PROJECT_VERSION = 1;
				GENERATE_INFOPLIST_FILE = YES;
				INFOPLIST_FILE = HWanimation/Info.plist;
				INFOPLIST_KEY_UIApplicationSupportsIndirectInputEvents = YES;
				INFOPLIST_KEY_UILaunchStoryboardName = LaunchScreen;
				INFOPLIST_KEY_UISupportedInterfaceOrientations_iPad = "UIInterfaceOrientationPortrait UIInterfaceOrientationPortraitUpsideDown UIInterfaceOrientationLandscapeLeft UIInterfaceOrientationLandscapeRight";
				INFOPLIST_KEY_UISupportedInterfaceOrientations_iPhone = "UIInterfaceOrientationPortrait UIInterfaceOrientationLandscapeLeft UIInterfaceOrientationLandscapeRight";
				LD_RUNPATH_SEARCH_PATHS = (
					"$(inherited)",
					"@executable_path/Frameworks",
				);
				MARKETING_VERSION = 1.0;
				PRODUCT_BUNDLE_IDENTIFIER = tms.HWanimation;
				PRODUCT_NAME = "$(TARGET_NAME)";
				SWIFT_EMIT_LOC_STRINGS = YES;
				SWIFT_VERSION = 5.0;
				TARGETED_DEVICE_FAMILY = "1,2";
			};
			name = Debug;
		};
		A7EC8C482B5C543500BBE425 /* Release */ = {
			isa = XCBuildConfiguration;
			buildSettings = {
				ASSETCATALOG_COMPILER_APPICON_NAME = AppIcon;
				ASSETCATALOG_COMPILER_GLOBAL_ACCENT_COLOR_NAME = AccentColor;
				CODE_SIGN_STYLE = Automatic;
				CURRENT_PROJECT_VERSION = 1;
				GENERATE_INFOPLIST_FILE = YES;
				INFOPLIST_FILE = HWanimation/Info.plist;
				INFOPLIST_KEY_UIApplicationSupportsIndirectInputEvents = YES;
				INFOPLIST_KEY_UILaunchStoryboardName = LaunchScreen;
				INFOPLIST_KEY_UISupportedInterfaceOrientations_iPad = "UIInterfaceOrientationPortrait UIInterfaceOrientationPortraitUpsideDown UIInterfaceOrientationLandscapeLeft UIInterfaceOrientationLandscapeRight";
				INFOPLIST_KEY_UISupportedInterfaceOrientations_iPhone = "UIInterfaceOrientationPortrait UIInterfaceOrientationLandscapeLeft UIInterfaceOrientationLandscapeRight";
				LD_RUNPATH_SEARCH_PATHS = (
					"$(inherited)",
					"@executable_path/Frameworks",
				);
				MARKETING_VERSION = 1.0;
				PRODUCT_BUNDLE_IDENTIFIER = tms.HWanimation;
				PRODUCT_NAME = "$(TARGET_NAME)";
				SWIFT_EMIT_LOC_STRINGS = YES;
				SWIFT_VERSION = 5.0;
				TARGETED_DEVICE_FAMILY = "1,2";
			};
			name = Release;
		};
		A7EC8C4A2B5C543500BBE425 /* Debug */ = {
			isa = XCBuildConfiguration;
			buildSettings = {
				ALWAYS_EMBED_SWIFT_STANDARD_LIBRARIES = YES;
				BUNDLE_LOADER = "$(TEST_HOST)";
				CODE_SIGN_STYLE = Automatic;
				CURRENT_PROJECT_VERSION = 1;
				GENERATE_INFOPLIST_FILE = YES;
				IPHONEOS_DEPLOYMENT_TARGET = 17.0;
				MARKETING_VERSION = 1.0;
				PRODUCT_BUNDLE_IDENTIFIER = tms.HWanimationTests;
				PRODUCT_NAME = "$(TARGET_NAME)";
				SWIFT_EMIT_LOC_STRINGS = NO;
				SWIFT_VERSION = 5.0;
				TARGETED_DEVICE_FAMILY = "1,2";
				TEST_HOST = "$(BUILT_PRODUCTS_DIR)/HWanimation.app/$(BUNDLE_EXECUTABLE_FOLDER_PATH)/HWanimation";
			};
			name = Debug;
		};
		A7EC8C4B2B5C543500BBE425 /* Release */ = {
			isa = XCBuildConfiguration;
			buildSettings = {
				ALWAYS_EMBED_SWIFT_STANDARD_LIBRARIES = YES;
				BUNDLE_LOADER = "$(TEST_HOST)";
				CODE_SIGN_STYLE = Automatic;
				CURRENT_PROJECT_VERSION = 1;
				GENERATE_INFOPLIST_FILE = YES;
				IPHONEOS_DEPLOYMENT_TARGET = 17.0;
				MARKETING_VERSION = 1.0;
				PRODUCT_BUNDLE_IDENTIFIER = tms.HWanimationTests;
				PRODUCT_NAME = "$(TARGET_NAME)";
				SWIFT_EMIT_LOC_STRINGS = NO;
				SWIFT_VERSION = 5.0;
				TARGETED_DEVICE_FAMILY = "1,2";
				TEST_HOST = "$(BUILT_PRODUCTS_DIR)/HWanimation.app/$(BUNDLE_EXECUTABLE_FOLDER_PATH)/HWanimation";
			};
			name = Release;
		};
		A7EC8C4D2B5C543500BBE425 /* Debug */ = {
			isa = XCBuildConfiguration;
			buildSettings = {
				ALWAYS_EMBED_SWIFT_STANDARD_LIBRARIES = YES;
				CODE_SIGN_STYLE = Automatic;
				CURRENT_PROJECT_VERSION = 1;
				GENERATE_INFOPLIST_FILE = YES;
				MARKETING_VERSION = 1.0;
				PRODUCT_BUNDLE_IDENTIFIER = tms.HWanimationUITests;
				PRODUCT_NAME = "$(TARGET_NAME)";
				SWIFT_EMIT_LOC_STRINGS = NO;
				SWIFT_VERSION = 5.0;
				TARGETED_DEVICE_FAMILY = "1,2";
				TEST_TARGET_NAME = HWanimation;
			};
			name = Debug;
		};
		A7EC8C4E2B5C543500BBE425 /* Release */ = {
			isa = XCBuildConfiguration;
			buildSettings = {
				ALWAYS_EMBED_SWIFT_STANDARD_LIBRARIES = YES;
				CODE_SIGN_STYLE = Automatic;
				CURRENT_PROJECT_VERSION = 1;
				GENERATE_INFOPLIST_FILE = YES;
				MARKETING_VERSION = 1.0;
				PRODUCT_BUNDLE_IDENTIFIER = tms.HWanimationUITests;
				PRODUCT_NAME = "$(TARGET_NAME)";
				SWIFT_EMIT_LOC_STRINGS = NO;
				SWIFT_VERSION = 5.0;
				TARGETED_DEVICE_FAMILY = "1,2";
				TEST_TARGET_NAME = HWanimation;
			};
			name = Release;
		};
/* End XCBuildConfiguration section */

/* Begin XCConfigurationList section */
		A7EC8C172B5C543400BBE425 /* Build configuration list for PBXProject "HWanimation" */ = {
			isa = XCConfigurationList;
			buildConfigurations = (
				A7EC8C442B5C543500BBE425 /* Debug */,
				A7EC8C452B5C543500BBE425 /* Release */,
			);
			defaultConfigurationIsVisible = 0;
			defaultConfigurationName = Release;
		};
		A7EC8C462B5C543500BBE425 /* Build configuration list for PBXNativeTarget "HWanimation" */ = {
			isa = XCConfigurationList;
			buildConfigurations = (
				A7EC8C472B5C543500BBE425 /* Debug */,
				A7EC8C482B5C543500BBE425 /* Release */,
			);
			defaultConfigurationIsVisible = 0;
			defaultConfigurationName = Release;
		};
		A7EC8C492B5C543500BBE425 /* Build configuration list for PBXNativeTarget "HWanimationTests" */ = {
			isa = XCConfigurationList;
			buildConfigurations = (
				A7EC8C4A2B5C543500BBE425 /* Debug */,
				A7EC8C4B2B5C543500BBE425 /* Release */,
			);
			defaultConfigurationIsVisible = 0;
			defaultConfigurationName = Release;
		};
		A7EC8C4C2B5C543500BBE425 /* Build configuration list for PBXNativeTarget "HWanimationUITests" */ = {
			isa = XCConfigurationList;
			buildConfigurations = (
				A7EC8C4D2B5C543500BBE425 /* Debug */,
				A7EC8C4E2B5C543500BBE425 /* Release */,
			);
			defaultConfigurationIsVisible = 0;
			defaultConfigurationName = Release;
		};
/* End XCConfigurationList section */
	};
	rootObject = A7EC8C142B5C543400BBE425 /* Project object */;
}
